// !$*UTF8*$!
{
	archiveVersion = 1;
	classes = {
	};
	objectVersion = 50;
	objects = {

/* Begin PBXBuildFile section */
		7DD89D4D238D7FC900D73062 /* AppDelegate.swift in Sources */ = {isa = PBXBuildFile; fileRef = 7DD89D4C238D7FC900D73062 /* AppDelegate.swift */; };
		7DD89D4F238D7FC900D73062 /* SceneDelegate.swift in Sources */ = {isa = PBXBuildFile; fileRef = 7DD89D4E238D7FC900D73062 /* SceneDelegate.swift */; };
		7DD89D51238D7FC900D73062 /* ViewController.swift in Sources */ = {isa = PBXBuildFile; fileRef = 7DD89D50238D7FC900D73062 /* ViewController.swift */; };
		7DD89D54238D7FC900D73062 /* Main.storyboard in Resources */ = {isa = PBXBuildFile; fileRef = 7DD89D52238D7FC900D73062 /* Main.storyboard */; };
		7DD89D56238D7FD100D73062 /* Assets.xcassets in Resources */ = {isa = PBXBuildFile; fileRef = 7DD89D55238D7FD100D73062 /* Assets.xcassets */; };
		7DD89D59238D7FD100D73062 /* LaunchScreen.storyboard in Resources */ = {isa = PBXBuildFile; fileRef = 7DD89D57238D7FD100D73062 /* LaunchScreen.storyboard */; };
/* End PBXBuildFile section */

/* Begin PBXFileReference section */
		7DD89D49238D7FC900D73062 /* EnglishOrFrench.app */ = {isa = PBXFileReference; explicitFileType = wrapper.application; includeInIndex = 0; path = EnglishOrFrench.app; sourceTree = BUILT_PRODUCTS_DIR; };
		7DD89D4C238D7FC900D73062 /* AppDelegate.swift */ = {isa = PBXFileReference; lastKnownFileType = sourcecode.swift; path = AppDelegate.swift; sourceTree = "<group>"; };
		7DD89D4E238D7FC900D73062 /* SceneDelegate.swift */ = {isa = PBXFileReference; lastKnownFileType = sourcecode.swift; path = SceneDelegate.swift; sourceTree = "<group>"; };
		7DD89D50238D7FC900D73062 /* ViewController.swift */ = {isa = PBXFileReference; lastKnownFileType = sourcecode.swift; path = ViewController.swift; sourceTree = "<group>"; };
		7DD89D53238D7FC900D73062 /* Base */ = {isa = PBXFileReference; lastKnownFileType = file.storyboard; name = Base; path = Base.lproj/Main.storyboard; sourceTree = "<group>"; };
		7DD89D55238D7FD100D73062 /* Assets.xcassets */ = {isa = PBXFileReference; lastKnownFileType = folder.assetcatalog; path = Assets.xcassets; sourceTree = "<group>"; };
		7DD89D58238D7FD100D73062 /* Base */ = {isa = PBXFileReference; lastKnownFileType = file.storyboard; name = Base; path = Base.lproj/LaunchScreen.storyboard; sourceTree = "<group>"; };
		7DD89D5A238D7FD100D73062 /* Info.plist */ = {isa = PBXFileReference; lastKnownFileType = text.plist.xml; path = Info.plist; sourceTree = "<group>"; };
/* End PBXFileReference section */

/* Begin PBXFrameworksBuildPhase section */
		7DD89D46238D7FC900D73062 /* Frameworks */ = {
			isa = PBXFrameworksBuildPhase;
			buildActionMask = 2147483647;
			files = (
			);
			runOnlyForDeploymentPostprocessing = 0;
		};
/* End PBXFrameworksBuildPhase section */

/* Begin PBXGroup section */
		7DD89D40238D7FC900D73062 = {
			isa = PBXGroup;
			children = (
				7DD89D4B238D7FC900D73062 /* EnglishOrFrench */,
				7DD89D4A238D7FC900D73062 /* Products */,
			);
			sourceTree = "<group>";
		};
		7DD89D4A238D7FC900D73062 /* Products */ = {
			isa = PBXGroup;
			children = (
				7DD89D49238D7FC900D73062 /* EnglishOrFrench.app */,
			);
			name = Products;
			sourceTree = "<group>";
		};
		7DD89D4B238D7FC900D73062 /* EnglishOrFrench */ = {
			isa = PBXGroup;
			children = (
				7DD89D4C238D7FC900D73062 /* AppDelegate.swift */,
				7DD89D4E238D7FC900D73062 /* SceneDelegate.swift */,
				7DD89D50238D7FC900D73062 /* ViewController.swift */,
				7DD89D52238D7FC900D73062 /* Main.storyboard */,
				7DD89D55238D7FD100D73062 /* Assets.xcassets */,
				7DD89D57238D7FD100D73062 /* LaunchScreen.storyboard */,
				7DD89D5A238D7FD100D73062 /* Info.plist */,
			);
			path = EnglishOrFrench;
			sourceTree = "<group>";
		};
/* End PBXGroup section */

/* Begin PBXNativeTarget section */
		7DD89D48238D7FC900D73062 /* EnglishOrFrench */ = {
			isa = PBXNativeTarget;
			buildConfigurationList = 7DD89D5D238D7FD100D73062 /* Build configuration list for PBXNativeTarget "EnglishOrFrench" */;
			buildPhases = (
				7DD89D45238D7FC900D73062 /* Sources */,
				7DD89D46238D7FC900D73062 /* Frameworks */,
				7DD89D47238D7FC900D73062 /* Resources */,
			);
			buildRules = (
			);
			dependencies = (
			);
			name = EnglishOrFrench;
			productName = EnglishOrFrench;
			productReference = 7DD89D49238D7FC900D73062 /* EnglishOrFrench.app */;
			productType = "com.apple.product-type.application";
		};
/* End PBXNativeTarget section */

/* Begin PBXProject section */
		7DD89D41238D7FC900D73062 /* Project object */ = {
			isa = PBXProject;
			attributes = {
				LastSwiftUpdateCheck = 1120;
				LastUpgradeCheck = 1120;
				ORGANIZATIONNAME = "Doggett, Scott";
				TargetAttributes = {
					7DD89D48238D7FC900D73062 = {
						CreatedOnToolsVersion = 11.2.1;
					};
				};
			};
			buildConfigurationList = 7DD89D44238D7FC900D73062 /* Build configuration list for PBXProject "EnglishOrFrench" */;
			compatibilityVersion = "Xcode 9.3";
			developmentRegion = en;
			hasScannedForEncodings = 0;
			knownRegions = (
				en,
				Base,
			);
			mainGroup = 7DD89D40238D7FC900D73062;
			productRefGroup = 7DD89D4A238D7FC900D73062 /* Products */;
			projectDirPath = "";
			projectRoot = "";
			targets = (
				7DD89D48238D7FC900D73062 /* EnglishOrFrench */,
			);
		};
/* End PBXProject section */

/* Begin PBXResourcesBuildPhase section */
		7DD89D47238D7FC900D73062 /* Resources */ = {
			isa = PBXResourcesBuildPhase;
			buildActionMask = 2147483647;
			files = (
				7DD89D59238D7FD100D73062 /* LaunchScreen.storyboard in Resources */,
				7DD89D56238D7FD100D73062 /* Assets.xcassets in Resources */,
				7DD89D54238D7FC900D73062 /* Main.storyboard in Resources */,
			);
			runOnlyForDeploymentPostprocessing = 0;
		};
/* End PBXResourcesBuildPhase section */

/* Begin PBXSourcesBuildPhase section */
		7DD89D45238D7FC900D73062 /* Sources */ = {
			isa = PBXSourcesBuildPhase;
			buildActionMask = 2147483647;
			files = (
				7DD89D51238D7FC900D73062 /* ViewController.swift in Sources */,
				7DD89D4D238D7FC900D73062 /* AppDelegate.swift in Sources */,
				7DD89D4F238D7FC900D73062 /* SceneDelegate.swift in Sources */,
			);
			runOnlyForDeploymentPostprocessing = 0;
		};
/* End PBXSourcesBuildPhase section */

/* Begin PBXVariantGroup section */
		7DD89D52238D7FC900D73062 /* Main.storyboard */ = {
			isa = PBXVariantGroup;
			children = (
				7DD89D53238D7FC900D73062 /* Base */,
			);
			name = Main.storyboard;
			sourceTree = "<group>";
		};
		7DD89D57238D7FD100D73062 /* LaunchScreen.storyboard */ = {
			isa = PBXVariantGroup;
			children = (
				7DD89D58238D7FD100D73062 /* Base */,
			);
			name = LaunchScreen.storyboard;
			sourceTree = "<group>";
		};
/* End PBXVariantGroup section */

/* Begin XCBuildConfiguration section */
		7DD89D5B238D7FD100D73062 /* Debug */ = {
			isa = XCBuildConfiguration;
			buildSettings = {
				ALWAYS_SEARCH_USER_PATHS = NO;
				CLANG_ANALYZER_NONNULL = YES;
				CLANG_ANALYZER_NUMBER_OBJECT_CONVERSION = YES_AGGRESSIVE;
				CLANG_CXX_LANGUAGE_STANDARD = "gnu++14";
				CLANG_CXX_LIBRARY = "libc++";
				CLANG_ENABLE_MODULES = YES;
				CLANG_ENABLE_OBJC_ARC = YES;
				CLANG_ENABLE_OBJC_WEAK = YES;
				CLANG_WARN_BLOCK_CAPTURE_AUTORELEASING = YES;
				CLANG_WARN_BOOL_CONVERSION = YES;
				CLANG_WARN_COMMA = YES;
				CLANG_WARN_CONSTANT_CONVERSION = YES;
				CLANG_WARN_DEPRECATED_OBJC_IMPLEMENTATIONS = YES;
				CLANG_WARN_DIRECT_OBJC_ISA_USAGE = YES_ERROR;
				CLANG_WARN_DOCUMENTATION_COMMENTS = YES;
				CLANG_WARN_EMPTY_BODY = YES;
				CLANG_WARN_ENUM_CONVERSION = YES;
				CLANG_WARN_INFINITE_RECURSION = YES;
				CLANG_WARN_INT_CONVERSION = YES;
				CLANG_WARN_NON_LITERAL_NULL_CONVERSION = YES;
				CLANG_WARN_OBJC_IMPLICIT_RETAIN_SELF = YES;
				CLANG_WARN_OBJC_LITERAL_CONVERSION = YES;
				CLANG_WARN_OBJC_ROOT_CLASS = YES_ERROR;
				CLANG_WARN_RANGE_LOOP_ANALYSIS = YES;
				CLANG_WARN_STRICT_PROTOTYPES = YES;
				CLANG_WARN_SUSPICIOUS_MOVE = YES;
				CLANG_WARN_UNGUARDED_AVAILABILITY = YES_AGGRESSIVE;
				CLANG_WARN_UNREACHABLE_CODE = YES;
				CLANG_WARN__DUPLICATE_METHOD_MATCH = YES;
				COPY_PHASE_STRIP = NO;
				DEBUG_INFORMATION_FORMAT = dwarf;
				ENABLE_STRICT_OBJC_MSGSEND = YES;
				ENABLE_TESTABILITY = YES;
				GCC_C_LANGUAGE_STANDARD = gnu11;
				GCC_DYNAMIC_NO_PIC = NO;
				GCC_NO_COMMON_BLOCKS = YES;
				GCC_OPTIMIZATION_LEVEL = 0;
				GCC_PREPROCESSOR_DEFINITIONS = (
					"DEBUG=1",
					"$(inherited)",
				);
				GCC_WARN_64_TO_32_BIT_CONVERSION = YES;
				GCC_WARN_ABOUT_RETURN_TYPE = YES_ERROR;
				GCC_WARN_UNDECLARED_SELECTOR = YES;
				GCC_WARN_UNINITIALIZED_AUTOS = YES_AGGRESSIVE;
				GCC_WARN_UNUSED_FUNCTION = YES;
				GCC_WARN_UNUSED_VARIABLE = YES;
				IPHONEOS_DEPLOYMENT_TARGET = 13.2;
				MTL_ENABLE_DEBUG_INFO = INCLUDE_SOURCE;
				MTL_FAST_MATH = YES;
				ONLY_ACTIVE_ARCH = YES;
				SDKROOT = iphoneos;
				SWIFT_ACTIVE_COMPILATION_CONDITIONS = DEBUG;
				SWIFT_OPTIMIZATION_LEVEL = "-Onone";
			};
			name = Debug;
		};
		7DD89D5C238D7FD100D73062 /* Release */ = {
			isa = XCBuildConfiguration;
			buildSettings = {
				ALWAYS_SEARCH_USER_PATHS = NO;
				CLANG_ANALYZER_NONNULL = YES;
				CLANG_ANALYZER_NUMBER_OBJECT_CONVERSION = YES_AGGRESSIVE;
				CLANG_CXX_LANGUAGE_STANDARD = "gnu++14";
				CLANG_CXX_LIBRARY = "libc++";
				CLANG_ENABLE_MODULES = YES;
				CLANG_ENABLE_OBJC_ARC = YES;
				CLANG_ENABLE_OBJC_WEAK = YES;
				CLANG_WARN_BLOCK_CAPTURE_AUTORELEASING = YES;
				CLANG_WARN_BOOL_CONVERSION = YES;
				CLANG_WARN_COMMA = YES;
				CLANG_WARN_CONSTANT_CONVERSION = YES;
				CLANG_WARN_DEPRECATED_OBJC_IMPLEMENTATIONS = YES;
				CLANG_WARN_DIRECT_OBJC_ISA_USAGE = YES_ERROR;
				CLANG_WARN_DOCUMENTATION_COMMENTS = YES;
				CLANG_WARN_EMPTY_BODY = YES;
				CLANG_WARN_ENUM_CONVERSION = YES;
				CLANG_WARN_INFINITE_RECURSION = YES;
				CLANG_WARN_INT_CONVERSION = YES;
				CLANG_WARN_NON_LITERAL_NULL_CONVERSION = YES;
				CLANG_WARN_OBJC_IMPLICIT_RETAIN_SELF = YES;
				CLANG_WARN_OBJC_LITERAL_CONVERSION = YES;
				CLANG_WARN_OBJC_ROOT_CLASS = YES_ERROR;
				CLANG_WARN_RANGE_LOOP_ANALYSIS = YES;
				CLANG_WARN_STRICT_PROTOTYPES = YES;
				CLANG_WARN_SUSPICIOUS_MOVE = YES;
				CLANG_WARN_UNGUARDED_AVAILABILITY = YES_AGGRESSIVE;
				CLANG_WARN_UNREACHABLE_CODE = YES;
				CLANG_WARN__DUPLICATE_METHOD_MATCH = YES;
				COPY_PHASE_STRIP = NO;
				DEBUG_INFORMATION_FORMAT = "dwarf-with-dsym";
				ENABLE_NS_ASSERTIONS = NO;
				ENABLE_STRICT_OBJC_MSGSEND = YES;
				GCC_C_LANGUAGE_STANDARD = gnu11;
				GCC_NO_COMMON_BLOCKS = YES;
				GCC_WARN_64_TO_32_BIT_CONVERSION = YES;
				GCC_WARN_ABOUT_RETURN_TYPE = YES_ERROR;
				GCC_WARN_UNDECLARED_SELECTOR = YES;
				GCC_WARN_UNINITIALIZED_AUTOS = YES_AGGRESSIVE;
				GCC_WARN_UNUSED_FUNCTION = YES;
				GCC_WARN_UNUSED_VARIABLE = YES;
				IPHONEOS_DEPLOYMENT_TARGET = 13.2;
				MTL_ENABLE_DEBUG_INFO = NO;
				MTL_FAST_MATH = YES;
				SDKROOT = iphoneos;
				SWIFT_COMPILATION_MODE = wholemodule;
				SWIFT_OPTIMIZATION_LEVEL = "-O";
				VALIDATE_PRODUCT = YES;
			};
			name = Release;
		};
		7DD89D5E238D7FD100D73062 /* Debug */ = {
			isa = XCBuildConfiguration;
			buildSettings = {
				ASSETCATALOG_COMPILER_APPICON_NAME = AppIcon;
				CODE_SIGN_STYLE = Automatic;
				DEVELOPMENT_TEAM = 46DG92AH87;
				INFOPLIST_FILE = EnglishOrFrench/Info.plist;
				LD_RUNPATH_SEARCH_PATHS = (
					"$(inherited)",
					"@executable_path/Frameworks",
				);
				PRODUCT_BUNDLE_IDENTIFIER = ca.doggett.scott.EnglishOrFrench;
				PRODUCT_NAME = "$(TARGET_NAME)";
				SWIFT_VERSION = 5.0;
				TARGETED_DEVICE_FAMILY = "1,2";
			};
			name = Debug;
		};
		7DD89D5F238D7FD100D73062 /* Release */ = {
			isa = XCBuildConfiguration;
			buildSettings = {
				ASSETCATALOG_COMPILER_APPICON_NAME = AppIcon;
				CODE_SIGN_STYLE = Automatic;
				DEVELOPMENT_TEAM = 46DG92AH87;
				INFOPLIST_FILE = EnglishOrFrench/Info.plist;
				LD_RUNPATH_SEARCH_PATHS = (
					"$(inherited)",
					"@executable_path/Frameworks",
				);
				PRODUCT_BUNDLE_IDENTIFIER = ca.doggett.scott.EnglishOrFrench;
				PRODUCT_NAME = "$(TARGET_NAME)";
				SWIFT_VERSION = 5.0;
				TARGETED_DEVICE_FAMILY = "1,2";
			};
			name = Release;
		};
/* End XCBuildConfiguration section */

/* Begin XCConfigurationList section */
		7DD89D44238D7FC900D73062 /* Build configuration list for PBXProject "EnglishOrFrench" */ = {
			isa = XCConfigurationList;
			buildConfigurations = (
				7DD89D5B238D7FD100D73062 /* Debug */,
				7DD89D5C238D7FD100D73062 /* Release */,
			);
			defaultConfigurationIsVisible = 0;
			defaultConfigurationName = Release;
		};
		7DD89D5D238D7FD100D73062 /* Build configuration list for PBXNativeTarget "EnglishOrFrench" */ = {
			isa = XCConfigurationList;
			buildConfigurations = (
				7DD89D5E238D7FD100D73062 /* Debug */,
				7DD89D5F238D7FD100D73062 /* Release */,
			);
			defaultConfigurationIsVisible = 0;
			defaultConfigurationName = Release;
		};
/* End XCConfigurationList section */
	};
	rootObject = 7DD89D41238D7FC900D73062 /* Project object */;
}
